{
  "name": "trb1914.mdviewer",
  "version": "2.0.0",
  "lockfileVersion": 1,
  "requires": true,
  "dependencies": {
    "marked": {
      "version": "2.0.4",
      "resolved": "https://registry.npmjs.org/marked/-/marked-2.0.4.tgz",
      "integrity": "sha512-MIL0xKRDQM3DE7dJr/wa6JV0EmK9yZ3cwuTc2bu66FNm/tmEMm9cJCgJZpt9R+K1T+pB2iBNV55wvnwSd345zg=="
    }
  }
}
